// !$*UTF8*$!
{
	archiveVersion = 1;
	classes = {
	};
	objectVersion = 56;
	objects = {

/* Begin PBXBuildFile section */
		B6F9C4FF2A52F895003BAD20 /* breathe_assitantApp.swift in Sources */ = {isa = PBXBuildFile; fileRef = B6F9C4FE2A52F895003BAD20 /* breathe_assitantApp.swift */; };
		B6F9C5012A52F895003BAD20 /* ContentView.swift in Sources */ = {isa = PBXBuildFile; fileRef = B6F9C5002A52F895003BAD20 /* ContentView.swift */; };
		B6F9C5032A52F896003BAD20 /* Assets.xcassets in Resources */ = {isa = PBXBuildFile; fileRef = B6F9C5022A52F896003BAD20 /* Assets.xcassets */; };
		B6F9C5062A52F896003BAD20 /* Preview Assets.xcassets in Resources */ = {isa = PBXBuildFile; fileRef = B6F9C5052A52F896003BAD20 /* Preview Assets.xcassets */; };
		B6F9C5102A52F896003BAD20 /* breathe_assitantTests.swift in Sources */ = {isa = PBXBuildFile; fileRef = B6F9C50F2A52F896003BAD20 /* breathe_assitantTests.swift */; };
		B6F9C51A2A52F896003BAD20 /* breathe_assitantUITests.swift in Sources */ = {isa = PBXBuildFile; fileRef = B6F9C5192A52F896003BAD20 /* breathe_assitantUITests.swift */; };
		B6F9C51C2A52F896003BAD20 /* breathe_assitantUITestsLaunchTests.swift in Sources */ = {isa = PBXBuildFile; fileRef = B6F9C51B2A52F896003BAD20 /* breathe_assitantUITestsLaunchTests.swift */; };
		B6F9C5892A52F918003BAD20 /* Location.swift in Sources */ = {isa = PBXBuildFile; fileRef = B6F9C52B2A52F918003BAD20 /* Location.swift */; };
		B6F9C58A2A52F918003BAD20 /* Session.swift in Sources */ = {isa = PBXBuildFile; fileRef = B6F9C52C2A52F918003BAD20 /* Session.swift */; };
		B6F9C58B2A52F918003BAD20 /* Address.swift in Sources */ = {isa = PBXBuildFile; fileRef = B6F9C52D2A52F918003BAD20 /* Address.swift */; };
		B6F9C58C2A52F918003BAD20 /* Staff.swift in Sources */ = {isa = PBXBuildFile; fileRef = B6F9C52E2A52F918003BAD20 /* Staff.swift */; };
		B6F9C58D2A52F918003BAD20 /* Sessions.swift in Sources */ = {isa = PBXBuildFile; fileRef = B6F9C52F2A52F918003BAD20 /* Sessions.swift */; };
		B6F9C58E2A52F918003BAD20 /* ALF.Models.swift in Sources */ = {isa = PBXBuildFile; fileRef = B6F9C5302A52F918003BAD20 /* ALF.Models.swift */; };
		B6F9C58F2A52F918003BAD20 /* StaffMember.swift in Sources */ = {isa = PBXBuildFile; fileRef = B6F9C5312A52F918003BAD20 /* StaffMember.swift */; };
		B6F9C5902A52F918003BAD20 /* ContentViewOld.swift in Sources */ = {isa = PBXBuildFile; fileRef = B6F9C5332A52F918003BAD20 /* ContentViewOld.swift */; };
		B6F9C5912A52F918003BAD20 /* ExerciseList.Old.swift in Sources */ = {isa = PBXBuildFile; fileRef = B6F9C5342A52F918003BAD20 /* ExerciseList.Old.swift */; };
		B6F9C5922A52F918003BAD20 /* VideTest.Breating.swift in Sources */ = {isa = PBXBuildFile; fileRef = B6F9C5352A52F918003BAD20 /* VideTest.Breating.swift */; };
		B6F9C5932A52F918003BAD20 /* TestView_R.swift in Sources */ = {isa = PBXBuildFile; fileRef = B6F9C5362A52F918003BAD20 /* TestView_R.swift */; };
		B6F9C5942A52F918003BAD20 /* RayneHealth.InterfaceTest.swift in Sources */ = {isa = PBXBuildFile; fileRef = B6F9C5372A52F918003BAD20 /* RayneHealth.InterfaceTest.swift */; };
		B6F9C5952A52F918003BAD20 /* LogoView_R.swift in Sources */ = {isa = PBXBuildFile; fileRef = B6F9C5382A52F918003BAD20 /* LogoView_R.swift */; };
		B6F9C5962A52F918003BAD20 /* NavigationView.swift in Sources */ = {isa = PBXBuildFile; fileRef = B6F9C5392A52F918003BAD20 /* NavigationView.swift */; };
		B6F9C5972A52F918003BAD20 /* Haptics.swift in Sources */ = {isa = PBXBuildFile; fileRef = B6F9C53A2A52F918003BAD20 /* Haptics.swift */; };
		B6F9C5982A52F918003BAD20 /* Home_R.swift in Sources */ = {isa = PBXBuildFile; fileRef = B6F9C53D2A52F918003BAD20 /* Home_R.swift */; };
		B6F9C5992A52F918003BAD20 /* Group.swift in Sources */ = {isa = PBXBuildFile; fileRef = B6F9C53F2A52F918003BAD20 /* Group.swift */; };
		B6F9C59A2A52F918003BAD20 /* NavigationBar.Sub.swift in Sources */ = {isa = PBXBuildFile; fileRef = B6F9C5412A52F918003BAD20 /* NavigationBar.Sub.swift */; };
		B6F9C59B2A52F918003BAD20 /* Navigation.Bottom.swift in Sources */ = {isa = PBXBuildFile; fileRef = B6F9C5422A52F918003BAD20 /* Navigation.Bottom.swift */; };
		B6F9C59C2A52F918003BAD20 /* NavigationBar.Top.swift in Sources */ = {isa = PBXBuildFile; fileRef = B6F9C5432A52F918003BAD20 /* NavigationBar.Top.swift */; };
		B6F9C59D2A52F918003BAD20 /* TabBarView.swift in Sources */ = {isa = PBXBuildFile; fileRef = B6F9C5442A52F918003BAD20 /* TabBarView.swift */; };
		B6F9C59E2A52F918003BAD20 /* NavigationController.swift in Sources */ = {isa = PBXBuildFile; fileRef = B6F9C5452A52F918003BAD20 /* NavigationController.swift */; };
		B6F9C59F2A52F918003BAD20 /* ColourScheme.swift in Sources */ = {isa = PBXBuildFile; fileRef = B6F9C5472A52F918003BAD20 /* ColourScheme.swift */; };
		B6F9C5A02A52F918003BAD20 /* Rayne.Json.swift in Sources */ = {isa = PBXBuildFile; fileRef = B6F9C5482A52F918003BAD20 /* Rayne.Json.swift */; };
		B6F9C5A12A52F918003BAD20 /* Modifiers.swift in Sources */ = {isa = PBXBuildFile; fileRef = B6F9C5492A52F918003BAD20 /* Modifiers.swift */; };
		B6F9C5A22A52F918003BAD20 /* Rayne.Countdown.swift in Sources */ = {isa = PBXBuildFile; fileRef = B6F9C54A2A52F918003BAD20 /* Rayne.Countdown.swift */; };
		B6F9C5A32A52F918003BAD20 /* User_R.swift in Sources */ = {isa = PBXBuildFile; fileRef = B6F9C54B2A52F918003BAD20 /* User_R.swift */; };
		B6F9C5A42A52F918003BAD20 /* ExerciseGroups.swift in Sources */ = {isa = PBXBuildFile; fileRef = B6F9C54C2A52F918003BAD20 /* ExerciseGroups.swift */; };
		B6F9C5A52A52F918003BAD20 /* Witham.json in Resources */ = {isa = PBXBuildFile; fileRef = B6F9C54E2A52F918003BAD20 /* Witham.json */; };
		B6F9C5A62A52F918003BAD20 /* Chelmsford.json in Resources */ = {isa = PBXBuildFile; fileRef = B6F9C54F2A52F918003BAD20 /* Chelmsford.json */; };
		B6F9C5A72A52F918003BAD20 /* Braintree.json in Resources */ = {isa = PBXBuildFile; fileRef = B6F9C5502A52F918003BAD20 /* Braintree.json */; };
		B6F9C5A82A52F918003BAD20 /* Virtual.json in Resources */ = {isa = PBXBuildFile; fileRef = B6F9C5512A52F918003BAD20 /* Virtual.json */; };
		B6F9C5A92A52F918003BAD20 /* Maldon.json in Resources */ = {isa = PBXBuildFile; fileRef = B6F9C5522A52F918003BAD20 /* Maldon.json */; };
		B6F9C5AA2A52F918003BAD20 /* TimerView_R.swift in Sources */ = {isa = PBXBuildFile; fileRef = B6F9C5542A52F918003BAD20 /* TimerView_R.swift */; };
		B6F9C5AB2A52F918003BAD20 /* ExcercisesView_R.swift in Sources */ = {isa = PBXBuildFile; fileRef = B6F9C5552A52F918003BAD20 /* ExcercisesView_R.swift */; };
		B6F9C5AC2A52F918003BAD20 /* VenuesView_R.swift in Sources */ = {isa = PBXBuildFile; fileRef = B6F9C5562A52F918003BAD20 /* VenuesView_R.swift */; };
		B6F9C5AD2A52F918003BAD20 /* VenueView_R.swift in Sources */ = {isa = PBXBuildFile; fileRef = B6F9C5572A52F918003BAD20 /* VenueView_R.swift */; };
		B6F9C5AE2A52F918003BAD20 /* SectionView_R.swift in Sources */ = {isa = PBXBuildFile; fileRef = B6F9C5582A52F918003BAD20 /* SectionView_R.swift */; };
		B6F9C5AF2A52F918003BAD20 /* BookView_R.swift in Sources */ = {isa = PBXBuildFile; fileRef = B6F9C5592A52F918003BAD20 /* BookView_R.swift */; };
		B6F9C5B02A52F918003BAD20 /* ActivityView_R.swift in Sources */ = {isa = PBXBuildFile; fileRef = B6F9C55A2A52F918003BAD20 /* ActivityView_R.swift */; };
		B6F9C5B12A52F918003BAD20 /* NavigationLink_R.swift in Sources */ = {isa = PBXBuildFile; fileRef = B6F9C55B2A52F918003BAD20 /* NavigationLink_R.swift */; };
		B6F9C5B22A52F918003BAD20 /* Provide.UI.Old.swift in Sources */ = {isa = PBXBuildFile; fileRef = B6F9C55C2A52F918003BAD20 /* Provide.UI.Old.swift */; };
		B6F9C5B32A52F918003BAD20 /* TipStyle.Control.swift in Sources */ = {isa = PBXBuildFile; fileRef = B6F9C55F2A52F918003BAD20 /* TipStyle.Control.swift */; };
		B6F9C5B42A52F918003BAD20 /* PagerControl.swift in Sources */ = {isa = PBXBuildFile; fileRef = B6F9C5602A52F918003BAD20 /* PagerControl.swift */; };
		B6F9C5B52A52F918003BAD20 /* ALF.Controls.swift in Sources */ = {isa = PBXBuildFile; fileRef = B6F9C5612A52F918003BAD20 /* ALF.Controls.swift */; };
		B6F9C5B62A52F918003BAD20 /* RoundIconControl.swift in Sources */ = {isa = PBXBuildFile; fileRef = B6F9C5622A52F918003BAD20 /* RoundIconControl.swift */; };
		B6F9C5B72A52F918003BAD20 /* YouTubeInline.Control.swift in Sources */ = {isa = PBXBuildFile; fileRef = B6F9C5632A52F918003BAD20 /* YouTubeInline.Control.swift */; };
		B6F9C5B82A52F918003BAD20 /* ExercisesView.swift in Sources */ = {isa = PBXBuildFile; fileRef = B6F9C5652A52F918003BAD20 /* ExercisesView.swift */; };
		B6F9C5B92A52F918003BAD20 /* ALF.Navigation.swift in Sources */ = {isa = PBXBuildFile; fileRef = B6F9C5672A52F918003BAD20 /* ALF.Navigation.swift */; };
		B6F9C5BA2A52F918003BAD20 /* ALF.ContentPage.swift in Sources */ = {isa = PBXBuildFile; fileRef = B6F9C5682A52F918003BAD20 /* ALF.ContentPage.swift */; };
		B6F9C5BB2A52F918003BAD20 /* ALF.KeepActive.Strength.swift in Sources */ = {isa = PBXBuildFile; fileRef = B6F9C56A2A52F918003BAD20 /* ALF.KeepActive.Strength.swift */; };
		B6F9C5BC2A52F918003BAD20 /* ALF.KeepActive.Overview.swift in Sources */ = {isa = PBXBuildFile; fileRef = B6F9C56B2A52F918003BAD20 /* ALF.KeepActive.Overview.swift */; };
		B6F9C5BD2A52F918003BAD20 /* ALF.KeepActive.NextSteps.swift in Sources */ = {isa = PBXBuildFile; fileRef = B6F9C56C2A52F918003BAD20 /* ALF.KeepActive.NextSteps.swift */; };
		B6F9C5BE2A52F918003BAD20 /* ALF.KeepActive.Root.swift in Sources */ = {isa = PBXBuildFile; fileRef = B6F9C56D2A52F918003BAD20 /* ALF.KeepActive.Root.swift */; };
		B6F9C5BF2A52F918003BAD20 /* ALF.KeepActive.Safety.swift in Sources */ = {isa = PBXBuildFile; fileRef = B6F9C56E2A52F918003BAD20 /* ALF.KeepActive.Safety.swift */; };
		B6F9C5C02A52F918003BAD20 /* ALF.KeepActive.Goals.swift in Sources */ = {isa = PBXBuildFile; fileRef = B6F9C56F2A52F918003BAD20 /* ALF.KeepActive.Goals.swift */; };
		B6F9C5C12A52F918003BAD20 /* ALF.KeepActive.Breathlesness.swift in Sources */ = {isa = PBXBuildFile; fileRef = B6F9C5702A52F918003BAD20 /* ALF.KeepActive.Breathlesness.swift */; };
		B6F9C5C22A52F918003BAD20 /* ALF.KeepActive.Aerobic.swift in Sources */ = {isa = PBXBuildFile; fileRef = B6F9C5712A52F918003BAD20 /* ALF.KeepActive.Aerobic.swift */; };
		B6F9C5C32A52F918003BAD20 /* ALF.KeepActive.WarmUp.swift in Sources */ = {isa = PBXBuildFile; fileRef = B6F9C5722A52F918003BAD20 /* ALF.KeepActive.WarmUp.swift */; };
		B6F9C5C42A52F918003BAD20 /* ALF.KeepActive.Begin.swift in Sources */ = {isa = PBXBuildFile; fileRef = B6F9C5732A52F918003BAD20 /* ALF.KeepActive.Begin.swift */; };
		B6F9C5C52A52F918003BAD20 /* ALF.KeepActive.Level.swift in Sources */ = {isa = PBXBuildFile; fileRef = B6F9C5742A52F918003BAD20 /* ALF.KeepActive.Level.swift */; };
		B6F9C5C62A52F918003BAD20 /* ALF.KeepActive.CoolDown.swift in Sources */ = {isa = PBXBuildFile; fileRef = B6F9C5752A52F918003BAD20 /* ALF.KeepActive.CoolDown.swift */; };
		B6F9C5C72A52F918003BAD20 /* VenuesView.swift in Sources */ = {isa = PBXBuildFile; fileRef = B6F9C5772A52F918003BAD20 /* VenuesView.swift */; };
		B6F9C5C82A52F918003BAD20 /* ALF.PageData.swift in Sources */ = {isa = PBXBuildFile; fileRef = B6F9C5792A52F918003BAD20 /* ALF.PageData.swift */; };
		B6F9C5C92A52F918003BAD20 /* Addresses.swift in Sources */ = {isa = PBXBuildFile; fileRef = B6F9C57A2A52F918003BAD20 /* Addresses.swift */; };
		B6F9C5CA2A52F918003BAD20 /* RehabExercises.swift in Sources */ = {isa = PBXBuildFile; fileRef = B6F9C57B2A52F918003BAD20 /* RehabExercises.swift */; };
		B6F9C5CB2A52F918003BAD20 /* Venues.swift in Sources */ = {isa = PBXBuildFile; fileRef = B6F9C57C2A52F918003BAD20 /* Venues.swift */; };
		B6F9C5CC2A52F918003BAD20 /* ErrorData.swift in Sources */ = {isa = PBXBuildFile; fileRef = B6F9C57D2A52F918003BAD20 /* ErrorData.swift */; };
		B6F9C5CD2A52F918003BAD20 /* UINavigationController.Style.swift in Sources */ = {isa = PBXBuildFile; fileRef = B6F9C57F2A52F918003BAD20 /* UINavigationController.Style.swift */; };
		B6F9C5CE2A52F918003BAD20 /* Navigation.Modifiers.swift in Sources */ = {isa = PBXBuildFile; fileRef = B6F9C5802A52F918003BAD20 /* Navigation.Modifiers.swift */; };
		B6F9C5CF2A52F918003BAD20 /* ErrorData.ViewBuilder.swift in Sources */ = {isa = PBXBuildFile; fileRef = B6F9C5822A52F918003BAD20 /* ErrorData.ViewBuilder.swift */; };
		B6F9C5D02A52F918003BAD20 /* Location.Map.VBuilder.swift in Sources */ = {isa = PBXBuildFile; fileRef = B6F9C5832A52F918003BAD20 /* Location.Map.VBuilder.swift */; };
		B6F9C5D12A52F918003BAD20 /* NavigationRouter.swift in Sources */ = {isa = PBXBuildFile; fileRef = B6F9C5852A52F918003BAD20 /* NavigationRouter.swift */; };
		B6F9C5D22A52F918003BAD20 /* NavigationManager.Hash.swift in Sources */ = {isa = PBXBuildFile; fileRef = B6F9C5862A52F918003BAD20 /* NavigationManager.Hash.swift */; };
		B6F9C5D32A52F918003BAD20 /* NavigationManager.View.swift in Sources */ = {isa = PBXBuildFile; fileRef = B6F9C5872A52F918003BAD20 /* NavigationManager.View.swift */; };
		B6F9C5D42A52F918003BAD20 /* NavigationManager.Enum.swift in Sources */ = {isa = PBXBuildFile; fileRef = B6F9C5882A52F918003BAD20 /* NavigationManager.Enum.swift */; };
/* End PBXBuildFile section */

/* Begin PBXContainerItemProxy section */
		B6F9C50C2A52F896003BAD20 /* PBXContainerItemProxy */ = {
			isa = PBXContainerItemProxy;
			containerPortal = B6F9C4F32A52F895003BAD20 /* Project object */;
			proxyType = 1;
			remoteGlobalIDString = B6F9C4FA2A52F895003BAD20;
			remoteInfo = breathe.assitant;
		};
		B6F9C5162A52F896003BAD20 /* PBXContainerItemProxy */ = {
			isa = PBXContainerItemProxy;
			containerPortal = B6F9C4F32A52F895003BAD20 /* Project object */;
			proxyType = 1;
			remoteGlobalIDString = B6F9C4FA2A52F895003BAD20;
			remoteInfo = breathe.assitant;
		};
/* End PBXContainerItemProxy section */

/* Begin PBXFileReference section */
		B6F9C4FB2A52F895003BAD20 /* breathe.assitant.app */ = {isa = PBXFileReference; explicitFileType = wrapper.application; includeInIndex = 0; path = breathe.assitant.app; sourceTree = BUILT_PRODUCTS_DIR; };
		B6F9C4FE2A52F895003BAD20 /* breathe_assitantApp.swift */ = {isa = PBXFileReference; lastKnownFileType = sourcecode.swift; path = breathe_assitantApp.swift; sourceTree = "<group>"; };
		B6F9C5002A52F895003BAD20 /* ContentView.swift */ = {isa = PBXFileReference; lastKnownFileType = sourcecode.swift; path = ContentView.swift; sourceTree = "<group>"; };
		B6F9C5022A52F896003BAD20 /* Assets.xcassets */ = {isa = PBXFileReference; lastKnownFileType = folder.assetcatalog; path = Assets.xcassets; sourceTree = "<group>"; };
		B6F9C5052A52F896003BAD20 /* Preview Assets.xcassets */ = {isa = PBXFileReference; lastKnownFileType = folder.assetcatalog; path = "Preview Assets.xcassets"; sourceTree = "<group>"; };
		B6F9C50B2A52F896003BAD20 /* breathe.assitantTests.xctest */ = {isa = PBXFileReference; explicitFileType = wrapper.cfbundle; includeInIndex = 0; path = breathe.assitantTests.xctest; sourceTree = BUILT_PRODUCTS_DIR; };
		B6F9C50F2A52F896003BAD20 /* breathe_assitantTests.swift */ = {isa = PBXFileReference; lastKnownFileType = sourcecode.swift; path = breathe_assitantTests.swift; sourceTree = "<group>"; };
		B6F9C5152A52F896003BAD20 /* breathe.assitantUITests.xctest */ = {isa = PBXFileReference; explicitFileType = wrapper.cfbundle; includeInIndex = 0; path = breathe.assitantUITests.xctest; sourceTree = BUILT_PRODUCTS_DIR; };
		B6F9C5192A52F896003BAD20 /* breathe_assitantUITests.swift */ = {isa = PBXFileReference; lastKnownFileType = sourcecode.swift; path = breathe_assitantUITests.swift; sourceTree = "<group>"; };
		B6F9C51B2A52F896003BAD20 /* breathe_assitantUITestsLaunchTests.swift */ = {isa = PBXFileReference; lastKnownFileType = sourcecode.swift; path = breathe_assitantUITestsLaunchTests.swift; sourceTree = "<group>"; };
		B6F9C52B2A52F918003BAD20 /* Location.swift */ = {isa = PBXFileReference; fileEncoding = 4; lastKnownFileType = sourcecode.swift; path = Location.swift; sourceTree = "<group>"; };
		B6F9C52C2A52F918003BAD20 /* Session.swift */ = {isa = PBXFileReference; fileEncoding = 4; lastKnownFileType = sourcecode.swift; path = Session.swift; sourceTree = "<group>"; };
		B6F9C52D2A52F918003BAD20 /* Address.swift */ = {isa = PBXFileReference; fileEncoding = 4; lastKnownFileType = sourcecode.swift; path = Address.swift; sourceTree = "<group>"; };
		B6F9C52E2A52F918003BAD20 /* Staff.swift */ = {isa = PBXFileReference; fileEncoding = 4; lastKnownFileType = sourcecode.swift; path = Staff.swift; sourceTree = "<group>"; };
		B6F9C52F2A52F918003BAD20 /* Sessions.swift */ = {isa = PBXFileReference; fileEncoding = 4; lastKnownFileType = sourcecode.swift; path = Sessions.swift; sourceTree = "<group>"; };
		B6F9C5302A52F918003BAD20 /* ALF.Models.swift */ = {isa = PBXFileReference; fileEncoding = 4; lastKnownFileType = sourcecode.swift; path = ALF.Models.swift; sourceTree = "<group>"; };
		B6F9C5312A52F918003BAD20 /* StaffMember.swift */ = {isa = PBXFileReference; fileEncoding = 4; lastKnownFileType = sourcecode.swift; path = StaffMember.swift; sourceTree = "<group>"; };
		B6F9C5332A52F918003BAD20 /* ContentViewOld.swift */ = {isa = PBXFileReference; fileEncoding = 4; lastKnownFileType = sourcecode.swift; path = ContentViewOld.swift; sourceTree = "<group>"; };
		B6F9C5342A52F918003BAD20 /* ExerciseList.Old.swift */ = {isa = PBXFileReference; fileEncoding = 4; lastKnownFileType = sourcecode.swift; path = ExerciseList.Old.swift; sourceTree = "<group>"; };
		B6F9C5352A52F918003BAD20 /* VideTest.Breating.swift */ = {isa = PBXFileReference; fileEncoding = 4; lastKnownFileType = sourcecode.swift; path = VideTest.Breating.swift; sourceTree = "<group>"; };
		B6F9C5362A52F918003BAD20 /* TestView_R.swift */ = {isa = PBXFileReference; fileEncoding = 4; lastKnownFileType = sourcecode.swift; path = TestView_R.swift; sourceTree = "<group>"; };
		B6F9C5372A52F918003BAD20 /* RayneHealth.InterfaceTest.swift */ = {isa = PBXFileReference; fileEncoding = 4; lastKnownFileType = sourcecode.swift; path = RayneHealth.InterfaceTest.swift; sourceTree = "<group>"; };
		B6F9C5382A52F918003BAD20 /* LogoView_R.swift */ = {isa = PBXFileReference; fileEncoding = 4; lastKnownFileType = sourcecode.swift; path = LogoView_R.swift; sourceTree = "<group>"; };
		B6F9C5392A52F918003BAD20 /* NavigationView.swift */ = {isa = PBXFileReference; fileEncoding = 4; lastKnownFileType = sourcecode.swift; path = NavigationView.swift; sourceTree = "<group>"; };
		B6F9C53A2A52F918003BAD20 /* Haptics.swift */ = {isa = PBXFileReference; fileEncoding = 4; lastKnownFileType = sourcecode.swift; path = Haptics.swift; sourceTree = "<group>"; };
		B6F9C53D2A52F918003BAD20 /* Home_R.swift */ = {isa = PBXFileReference; fileEncoding = 4; lastKnownFileType = sourcecode.swift; path = Home_R.swift; sourceTree = "<group>"; };
		B6F9C53F2A52F918003BAD20 /* Group.swift */ = {isa = PBXFileReference; fileEncoding = 4; lastKnownFileType = sourcecode.swift; path = Group.swift; sourceTree = "<group>"; };
		B6F9C5412A52F918003BAD20 /* NavigationBar.Sub.swift */ = {isa = PBXFileReference; fileEncoding = 4; lastKnownFileType = sourcecode.swift; path = NavigationBar.Sub.swift; sourceTree = "<group>"; };
		B6F9C5422A52F918003BAD20 /* Navigation.Bottom.swift */ = {isa = PBXFileReference; fileEncoding = 4; lastKnownFileType = sourcecode.swift; path = Navigation.Bottom.swift; sourceTree = "<group>"; };
		B6F9C5432A52F918003BAD20 /* NavigationBar.Top.swift */ = {isa = PBXFileReference; fileEncoding = 4; lastKnownFileType = sourcecode.swift; path = NavigationBar.Top.swift; sourceTree = "<group>"; };
		B6F9C5442A52F918003BAD20 /* TabBarView.swift */ = {isa = PBXFileReference; fileEncoding = 4; lastKnownFileType = sourcecode.swift; path = TabBarView.swift; sourceTree = "<group>"; };
		B6F9C5452A52F918003BAD20 /* NavigationController.swift */ = {isa = PBXFileReference; fileEncoding = 4; lastKnownFileType = sourcecode.swift; path = NavigationController.swift; sourceTree = "<group>"; };
		B6F9C5472A52F918003BAD20 /* ColourScheme.swift */ = {isa = PBXFileReference; fileEncoding = 4; lastKnownFileType = sourcecode.swift; path = ColourScheme.swift; sourceTree = "<group>"; };
		B6F9C5482A52F918003BAD20 /* Rayne.Json.swift */ = {isa = PBXFileReference; fileEncoding = 4; lastKnownFileType = sourcecode.swift; path = Rayne.Json.swift; sourceTree = "<group>"; };
		B6F9C5492A52F918003BAD20 /* Modifiers.swift */ = {isa = PBXFileReference; fileEncoding = 4; lastKnownFileType = sourcecode.swift; path = Modifiers.swift; sourceTree = "<group>"; };
		B6F9C54A2A52F918003BAD20 /* Rayne.Countdown.swift */ = {isa = PBXFileReference; fileEncoding = 4; lastKnownFileType = sourcecode.swift; path = Rayne.Countdown.swift; sourceTree = "<group>"; };
		B6F9C54B2A52F918003BAD20 /* User_R.swift */ = {isa = PBXFileReference; fileEncoding = 4; lastKnownFileType = sourcecode.swift; path = User_R.swift; sourceTree = "<group>"; };
		B6F9C54C2A52F918003BAD20 /* ExerciseGroups.swift */ = {isa = PBXFileReference; fileEncoding = 4; lastKnownFileType = sourcecode.swift; path = ExerciseGroups.swift; sourceTree = "<group>"; };
		B6F9C54E2A52F918003BAD20 /* Witham.json */ = {isa = PBXFileReference; fileEncoding = 4; lastKnownFileType = text.json; path = Witham.json; sourceTree = "<group>"; };
		B6F9C54F2A52F918003BAD20 /* Chelmsford.json */ = {isa = PBXFileReference; fileEncoding = 4; lastKnownFileType = text.json; path = Chelmsford.json; sourceTree = "<group>"; };
		B6F9C5502A52F918003BAD20 /* Braintree.json */ = {isa = PBXFileReference; fileEncoding = 4; lastKnownFileType = text.json; path = Braintree.json; sourceTree = "<group>"; };
		B6F9C5512A52F918003BAD20 /* Virtual.json */ = {isa = PBXFileReference; fileEncoding = 4; lastKnownFileType = text.json; path = Virtual.json; sourceTree = "<group>"; };
		B6F9C5522A52F918003BAD20 /* Maldon.json */ = {isa = PBXFileReference; fileEncoding = 4; lastKnownFileType = text.json; path = Maldon.json; sourceTree = "<group>"; };
		B6F9C5542A52F918003BAD20 /* TimerView_R.swift */ = {isa = PBXFileReference; fileEncoding = 4; lastKnownFileType = sourcecode.swift; path = TimerView_R.swift; sourceTree = "<group>"; };
		B6F9C5552A52F918003BAD20 /* ExcercisesView_R.swift */ = {isa = PBXFileReference; fileEncoding = 4; lastKnownFileType = sourcecode.swift; path = ExcercisesView_R.swift; sourceTree = "<group>"; };
		B6F9C5562A52F918003BAD20 /* VenuesView_R.swift */ = {isa = PBXFileReference; fileEncoding = 4; lastKnownFileType = sourcecode.swift; path = VenuesView_R.swift; sourceTree = "<group>"; };
		B6F9C5572A52F918003BAD20 /* VenueView_R.swift */ = {isa = PBXFileReference; fileEncoding = 4; lastKnownFileType = sourcecode.swift; path = VenueView_R.swift; sourceTree = "<group>"; };
		B6F9C5582A52F918003BAD20 /* SectionView_R.swift */ = {isa = PBXFileReference; fileEncoding = 4; lastKnownFileType = sourcecode.swift; path = SectionView_R.swift; sourceTree = "<group>"; };
		B6F9C5592A52F918003BAD20 /* BookView_R.swift */ = {isa = PBXFileReference; fileEncoding = 4; lastKnownFileType = sourcecode.swift; path = BookView_R.swift; sourceTree = "<group>"; };
		B6F9C55A2A52F918003BAD20 /* ActivityView_R.swift */ = {isa = PBXFileReference; fileEncoding = 4; lastKnownFileType = sourcecode.swift; path = ActivityView_R.swift; sourceTree = "<group>"; };
		B6F9C55B2A52F918003BAD20 /* NavigationLink_R.swift */ = {isa = PBXFileReference; fileEncoding = 4; lastKnownFileType = sourcecode.swift; path = NavigationLink_R.swift; sourceTree = "<group>"; };
		B6F9C55C2A52F918003BAD20 /* Provide.UI.Old.swift */ = {isa = PBXFileReference; fileEncoding = 4; lastKnownFileType = sourcecode.swift; path = Provide.UI.Old.swift; sourceTree = "<group>"; };
		B6F9C55F2A52F918003BAD20 /* TipStyle.Control.swift */ = {isa = PBXFileReference; fileEncoding = 4; lastKnownFileType = sourcecode.swift; path = TipStyle.Control.swift; sourceTree = "<group>"; };
		B6F9C5602A52F918003BAD20 /* PagerControl.swift */ = {isa = PBXFileReference; fileEncoding = 4; lastKnownFileType = sourcecode.swift; path = PagerControl.swift; sourceTree = "<group>"; };
		B6F9C5612A52F918003BAD20 /* ALF.Controls.swift */ = {isa = PBXFileReference; fileEncoding = 4; lastKnownFileType = sourcecode.swift; path = ALF.Controls.swift; sourceTree = "<group>"; };
		B6F9C5622A52F918003BAD20 /* RoundIconControl.swift */ = {isa = PBXFileReference; fileEncoding = 4; lastKnownFileType = sourcecode.swift; path = RoundIconControl.swift; sourceTree = "<group>"; };
		B6F9C5632A52F918003BAD20 /* YouTubeInline.Control.swift */ = {isa = PBXFileReference; fileEncoding = 4; lastKnownFileType = sourcecode.swift; path = YouTubeInline.Control.swift; sourceTree = "<group>"; };
		B6F9C5652A52F918003BAD20 /* ExercisesView.swift */ = {isa = PBXFileReference; fileEncoding = 4; lastKnownFileType = sourcecode.swift; path = ExercisesView.swift; sourceTree = "<group>"; };
		B6F9C5672A52F918003BAD20 /* ALF.Navigation.swift */ = {isa = PBXFileReference; fileEncoding = 4; lastKnownFileType = sourcecode.swift; path = ALF.Navigation.swift; sourceTree = "<group>"; };
		B6F9C5682A52F918003BAD20 /* ALF.ContentPage.swift */ = {isa = PBXFileReference; fileEncoding = 4; lastKnownFileType = sourcecode.swift; path = ALF.ContentPage.swift; sourceTree = "<group>"; };
		B6F9C56A2A52F918003BAD20 /* ALF.KeepActive.Strength.swift */ = {isa = PBXFileReference; fileEncoding = 4; lastKnownFileType = sourcecode.swift; path = ALF.KeepActive.Strength.swift; sourceTree = "<group>"; };
		B6F9C56B2A52F918003BAD20 /* ALF.KeepActive.Overview.swift */ = {isa = PBXFileReference; fileEncoding = 4; lastKnownFileType = sourcecode.swift; path = ALF.KeepActive.Overview.swift; sourceTree = "<group>"; };
		B6F9C56C2A52F918003BAD20 /* ALF.KeepActive.NextSteps.swift */ = {isa = PBXFileReference; fileEncoding = 4; lastKnownFileType = sourcecode.swift; path = ALF.KeepActive.NextSteps.swift; sourceTree = "<group>"; };
		B6F9C56D2A52F918003BAD20 /* ALF.KeepActive.Root.swift */ = {isa = PBXFileReference; fileEncoding = 4; lastKnownFileType = sourcecode.swift; path = ALF.KeepActive.Root.swift; sourceTree = "<group>"; };
		B6F9C56E2A52F918003BAD20 /* ALF.KeepActive.Safety.swift */ = {isa = PBXFileReference; fileEncoding = 4; lastKnownFileType = sourcecode.swift; path = ALF.KeepActive.Safety.swift; sourceTree = "<group>"; };
		B6F9C56F2A52F918003BAD20 /* ALF.KeepActive.Goals.swift */ = {isa = PBXFileReference; fileEncoding = 4; lastKnownFileType = sourcecode.swift; path = ALF.KeepActive.Goals.swift; sourceTree = "<group>"; };
		B6F9C5702A52F918003BAD20 /* ALF.KeepActive.Breathlesness.swift */ = {isa = PBXFileReference; fileEncoding = 4; lastKnownFileType = sourcecode.swift; path = ALF.KeepActive.Breathlesness.swift; sourceTree = "<group>"; };
		B6F9C5712A52F918003BAD20 /* ALF.KeepActive.Aerobic.swift */ = {isa = PBXFileReference; fileEncoding = 4; lastKnownFileType = sourcecode.swift; path = ALF.KeepActive.Aerobic.swift; sourceTree = "<group>"; };
		B6F9C5722A52F918003BAD20 /* ALF.KeepActive.WarmUp.swift */ = {isa = PBXFileReference; fileEncoding = 4; lastKnownFileType = sourcecode.swift; path = ALF.KeepActive.WarmUp.swift; sourceTree = "<group>"; };
		B6F9C5732A52F918003BAD20 /* ALF.KeepActive.Begin.swift */ = {isa = PBXFileReference; fileEncoding = 4; lastKnownFileType = sourcecode.swift; path = ALF.KeepActive.Begin.swift; sourceTree = "<group>"; };
		B6F9C5742A52F918003BAD20 /* ALF.KeepActive.Level.swift */ = {isa = PBXFileReference; fileEncoding = 4; lastKnownFileType = sourcecode.swift; path = ALF.KeepActive.Level.swift; sourceTree = "<group>"; };
		B6F9C5752A52F918003BAD20 /* ALF.KeepActive.CoolDown.swift */ = {isa = PBXFileReference; fileEncoding = 4; lastKnownFileType = sourcecode.swift; path = ALF.KeepActive.CoolDown.swift; sourceTree = "<group>"; };
		B6F9C5772A52F918003BAD20 /* VenuesView.swift */ = {isa = PBXFileReference; fileEncoding = 4; lastKnownFileType = sourcecode.swift; path = VenuesView.swift; sourceTree = "<group>"; };
		B6F9C5792A52F918003BAD20 /* ALF.PageData.swift */ = {isa = PBXFileReference; fileEncoding = 4; lastKnownFileType = sourcecode.swift; path = ALF.PageData.swift; sourceTree = "<group>"; };
		B6F9C57A2A52F918003BAD20 /* Addresses.swift */ = {isa = PBXFileReference; fileEncoding = 4; lastKnownFileType = sourcecode.swift; path = Addresses.swift; sourceTree = "<group>"; };
		B6F9C57B2A52F918003BAD20 /* RehabExercises.swift */ = {isa = PBXFileReference; fileEncoding = 4; lastKnownFileType = sourcecode.swift; path = RehabExercises.swift; sourceTree = "<group>"; };
		B6F9C57C2A52F918003BAD20 /* Venues.swift */ = {isa = PBXFileReference; fileEncoding = 4; lastKnownFileType = sourcecode.swift; path = Venues.swift; sourceTree = "<group>"; };
		B6F9C57D2A52F918003BAD20 /* ErrorData.swift */ = {isa = PBXFileReference; fileEncoding = 4; lastKnownFileType = sourcecode.swift; path = ErrorData.swift; sourceTree = "<group>"; };
		B6F9C57F2A52F918003BAD20 /* UINavigationController.Style.swift */ = {isa = PBXFileReference; fileEncoding = 4; lastKnownFileType = sourcecode.swift; path = UINavigationController.Style.swift; sourceTree = "<group>"; };
		B6F9C5802A52F918003BAD20 /* Navigation.Modifiers.swift */ = {isa = PBXFileReference; fileEncoding = 4; lastKnownFileType = sourcecode.swift; path = Navigation.Modifiers.swift; sourceTree = "<group>"; };
		B6F9C5822A52F918003BAD20 /* ErrorData.ViewBuilder.swift */ = {isa = PBXFileReference; fileEncoding = 4; lastKnownFileType = sourcecode.swift; path = ErrorData.ViewBuilder.swift; sourceTree = "<group>"; };
		B6F9C5832A52F918003BAD20 /* Location.Map.VBuilder.swift */ = {isa = PBXFileReference; fileEncoding = 4; lastKnownFileType = sourcecode.swift; path = Location.Map.VBuilder.swift; sourceTree = "<group>"; };
		B6F9C5852A52F918003BAD20 /* NavigationRouter.swift */ = {isa = PBXFileReference; fileEncoding = 4; lastKnownFileType = sourcecode.swift; path = NavigationRouter.swift; sourceTree = "<group>"; };
		B6F9C5862A52F918003BAD20 /* NavigationManager.Hash.swift */ = {isa = PBXFileReference; fileEncoding = 4; lastKnownFileType = sourcecode.swift; path = NavigationManager.Hash.swift; sourceTree = "<group>"; };
		B6F9C5872A52F918003BAD20 /* NavigationManager.View.swift */ = {isa = PBXFileReference; fileEncoding = 4; lastKnownFileType = sourcecode.swift; path = NavigationManager.View.swift; sourceTree = "<group>"; };
		B6F9C5882A52F918003BAD20 /* NavigationManager.Enum.swift */ = {isa = PBXFileReference; fileEncoding = 4; lastKnownFileType = sourcecode.swift; path = NavigationManager.Enum.swift; sourceTree = "<group>"; };
		B6F9C5D52A52F9C1003BAD20 /* README.md */ = {isa = PBXFileReference; lastKnownFileType = net.daringfireball.markdown; path = README.md; sourceTree = "<group>"; };
/* End PBXFileReference section */

/* Begin PBXFrameworksBuildPhase section */
		B6F9C4F82A52F895003BAD20 /* Frameworks */ = {
			isa = PBXFrameworksBuildPhase;
			buildActionMask = 2147483647;
			files = (
			);
			runOnlyForDeploymentPostprocessing = 0;
		};
		B6F9C5082A52F896003BAD20 /* Frameworks */ = {
			isa = PBXFrameworksBuildPhase;
			buildActionMask = 2147483647;
			files = (
			);
			runOnlyForDeploymentPostprocessing = 0;
		};
		B6F9C5122A52F896003BAD20 /* Frameworks */ = {
			isa = PBXFrameworksBuildPhase;
			buildActionMask = 2147483647;
			files = (
			);
			runOnlyForDeploymentPostprocessing = 0;
		};
/* End PBXFrameworksBuildPhase section */

/* Begin PBXGroup section */
		B6F9C4F22A52F895003BAD20 = {
			isa = PBXGroup;
			children = (
				B6F9C5D52A52F9C1003BAD20 /* README.md */,
				B6F9C4FD2A52F895003BAD20 /* breathe.assitant */,
				B6F9C50E2A52F896003BAD20 /* breathe.assitantTests */,
				B6F9C5182A52F896003BAD20 /* breathe.assitantUITests */,
				B6F9C4FC2A52F895003BAD20 /* Products */,
			);
			sourceTree = "<group>";
		};
		B6F9C4FC2A52F895003BAD20 /* Products */ = {
			isa = PBXGroup;
			children = (
				B6F9C4FB2A52F895003BAD20 /* breathe.assitant.app */,
				B6F9C50B2A52F896003BAD20 /* breathe.assitantTests.xctest */,
				B6F9C5152A52F896003BAD20 /* breathe.assitantUITests.xctest */,
			);
			name = Products;
			sourceTree = "<group>";
		};
		B6F9C4FD2A52F895003BAD20 /* breathe.assitant */ = {
			isa = PBXGroup;
			children = (
				B6F9C5D62A52FB13003BAD20 /* Root */,
				B6F9C5292A52F8C7003BAD20 /* Rehab */,
				B6F9C5022A52F896003BAD20 /* Assets.xcassets */,
				B6F9C5042A52F896003BAD20 /* Preview Content */,
			);
			path = breathe.assitant;
			sourceTree = "<group>";
		};
		B6F9C5042A52F896003BAD20 /* Preview Content */ = {
			isa = PBXGroup;
			children = (
				B6F9C5052A52F896003BAD20 /* Preview Assets.xcassets */,
			);
			path = "Preview Content";
			sourceTree = "<group>";
		};
		B6F9C50E2A52F896003BAD20 /* breathe.assitantTests */ = {
			isa = PBXGroup;
			children = (
				B6F9C50F2A52F896003BAD20 /* breathe_assitantTests.swift */,
			);
			path = breathe.assitantTests;
			sourceTree = "<group>";
		};
		B6F9C5182A52F896003BAD20 /* breathe.assitantUITests */ = {
			isa = PBXGroup;
			children = (
				B6F9C5192A52F896003BAD20 /* breathe_assitantUITests.swift */,
				B6F9C51B2A52F896003BAD20 /* breathe_assitantUITestsLaunchTests.swift */,
			);
			path = breathe.assitantUITests;
			sourceTree = "<group>";
		};
		B6F9C5292A52F8C7003BAD20 /* Rehab */ = {
			isa = PBXGroup;
			children = (
				B6F9C5782A52F918003BAD20 /* Data */,
				B6F9C5322A52F918003BAD20 /* Dev.TestArea */,
				B6F9C5812A52F918003BAD20 /* Model.ViewBuilders */,
				B6F9C52A2A52F918003BAD20 /* Models */,
				B6F9C57E2A52F918003BAD20 /* Modifiers */,
				B6F9C5842A52F918003BAD20 /* Navigator */,
				B6F9C55D2A52F918003BAD20 /* Views */,
			);
			path = Rehab;
			sourceTree = "<group>";
		};
		B6F9C52A2A52F918003BAD20 /* Models */ = {
			isa = PBXGroup;
			children = (
				B6F9C52B2A52F918003BAD20 /* Location.swift */,
				B6F9C52C2A52F918003BAD20 /* Session.swift */,
				B6F9C52D2A52F918003BAD20 /* Address.swift */,
				B6F9C52E2A52F918003BAD20 /* Staff.swift */,
				B6F9C52F2A52F918003BAD20 /* Sessions.swift */,
				B6F9C5302A52F918003BAD20 /* ALF.Models.swift */,
				B6F9C5312A52F918003BAD20 /* StaffMember.swift */,
			);
			path = Models;
			sourceTree = "<group>";
		};
		B6F9C5322A52F918003BAD20 /* Dev.TestArea */ = {
			isa = PBXGroup;
			children = (
				B6F9C5332A52F918003BAD20 /* ContentViewOld.swift */,
				B6F9C5342A52F918003BAD20 /* ExerciseList.Old.swift */,
				B6F9C5352A52F918003BAD20 /* VideTest.Breating.swift */,
				B6F9C5362A52F918003BAD20 /* TestView_R.swift */,
				B6F9C5372A52F918003BAD20 /* RayneHealth.InterfaceTest.swift */,
				B6F9C5382A52F918003BAD20 /* LogoView_R.swift */,
				B6F9C5392A52F918003BAD20 /* NavigationView.swift */,
				B6F9C53A2A52F918003BAD20 /* Haptics.swift */,
				B6F9C53B2A52F918003BAD20 /* Rehab.First */,
				B6F9C55C2A52F918003BAD20 /* Provide.UI.Old.swift */,
			);
			path = Dev.TestArea;
			sourceTree = "<group>";
		};
		B6F9C53B2A52F918003BAD20 /* Rehab.First */ = {
			isa = PBXGroup;
			children = (
				B6F9C53C2A52F918003BAD20 /* Home */,
				B6F9C53E2A52F918003BAD20 /* ViewModels */,
				B6F9C5402A52F918003BAD20 /* Navigation */,
				B6F9C5462A52F918003BAD20 /* Lib */,
				B6F9C54D2A52F918003BAD20 /* Data */,
				B6F9C5532A52F918003BAD20 /* Views */,
			);
			path = Rehab.First;
			sourceTree = "<group>";
		};
		B6F9C53C2A52F918003BAD20 /* Home */ = {
			isa = PBXGroup;
			children = (
				B6F9C53D2A52F918003BAD20 /* Home_R.swift */,
			);
			path = Home;
			sourceTree = "<group>";
		};
		B6F9C53E2A52F918003BAD20 /* ViewModels */ = {
			isa = PBXGroup;
			children = (
				B6F9C53F2A52F918003BAD20 /* Group.swift */,
			);
			path = ViewModels;
			sourceTree = "<group>";
		};
		B6F9C5402A52F918003BAD20 /* Navigation */ = {
			isa = PBXGroup;
			children = (
				B6F9C5412A52F918003BAD20 /* NavigationBar.Sub.swift */,
				B6F9C5422A52F918003BAD20 /* Navigation.Bottom.swift */,
				B6F9C5432A52F918003BAD20 /* NavigationBar.Top.swift */,
				B6F9C5442A52F918003BAD20 /* TabBarView.swift */,
				B6F9C5452A52F918003BAD20 /* NavigationController.swift */,
			);
			path = Navigation;
			sourceTree = "<group>";
		};
		B6F9C5462A52F918003BAD20 /* Lib */ = {
			isa = PBXGroup;
			children = (
				B6F9C5472A52F918003BAD20 /* ColourScheme.swift */,
				B6F9C5482A52F918003BAD20 /* Rayne.Json.swift */,
				B6F9C5492A52F918003BAD20 /* Modifiers.swift */,
				B6F9C54A2A52F918003BAD20 /* Rayne.Countdown.swift */,
				B6F9C54B2A52F918003BAD20 /* User_R.swift */,
				B6F9C54C2A52F918003BAD20 /* ExerciseGroups.swift */,
			);
			path = Lib;
			sourceTree = "<group>";
		};
		B6F9C54D2A52F918003BAD20 /* Data */ = {
			isa = PBXGroup;
			children = (
				B6F9C54E2A52F918003BAD20 /* Witham.json */,
				B6F9C54F2A52F918003BAD20 /* Chelmsford.json */,
				B6F9C5502A52F918003BAD20 /* Braintree.json */,
				B6F9C5512A52F918003BAD20 /* Virtual.json */,
				B6F9C5522A52F918003BAD20 /* Maldon.json */,
			);
			path = Data;
			sourceTree = "<group>";
		};
		B6F9C5532A52F918003BAD20 /* Views */ = {
			isa = PBXGroup;
			children = (
				B6F9C5542A52F918003BAD20 /* TimerView_R.swift */,
				B6F9C5552A52F918003BAD20 /* ExcercisesView_R.swift */,
				B6F9C5562A52F918003BAD20 /* VenuesView_R.swift */,
				B6F9C5572A52F918003BAD20 /* VenueView_R.swift */,
				B6F9C5582A52F918003BAD20 /* SectionView_R.swift */,
				B6F9C5592A52F918003BAD20 /* BookView_R.swift */,
				B6F9C55A2A52F918003BAD20 /* ActivityView_R.swift */,
				B6F9C55B2A52F918003BAD20 /* NavigationLink_R.swift */,
			);
			path = Views;
			sourceTree = "<group>";
		};
		B6F9C55D2A52F918003BAD20 /* Views */ = {
			isa = PBXGroup;
			children = (
				B6F9C55E2A52F918003BAD20 /* Control.Views */,
				B6F9C5642A52F918003BAD20 /* Exercise */,
				B6F9C5662A52F918003BAD20 /* ALF */,
				B6F9C5762A52F918003BAD20 /* Provide */,
			);
			path = Views;
			sourceTree = "<group>";
		};
		B6F9C55E2A52F918003BAD20 /* Control.Views */ = {
			isa = PBXGroup;
			children = (
				B6F9C55F2A52F918003BAD20 /* TipStyle.Control.swift */,
				B6F9C5602A52F918003BAD20 /* PagerControl.swift */,
				B6F9C5612A52F918003BAD20 /* ALF.Controls.swift */,
				B6F9C5622A52F918003BAD20 /* RoundIconControl.swift */,
				B6F9C5632A52F918003BAD20 /* YouTubeInline.Control.swift */,
			);
			path = Control.Views;
			sourceTree = "<group>";
		};
		B6F9C5642A52F918003BAD20 /* Exercise */ = {
			isa = PBXGroup;
			children = (
				B6F9C5652A52F918003BAD20 /* ExercisesView.swift */,
			);
			path = Exercise;
			sourceTree = "<group>";
		};
		B6F9C5662A52F918003BAD20 /* ALF */ = {
			isa = PBXGroup;
			children = (
				B6F9C5672A52F918003BAD20 /* ALF.Navigation.swift */,
				B6F9C5682A52F918003BAD20 /* ALF.ContentPage.swift */,
				B6F9C5692A52F918003BAD20 /* KeepActive */,
			);
			path = ALF;
			sourceTree = "<group>";
		};
		B6F9C5692A52F918003BAD20 /* KeepActive */ = {
			isa = PBXGroup;
			children = (
				B6F9C56A2A52F918003BAD20 /* ALF.KeepActive.Strength.swift */,
				B6F9C56B2A52F918003BAD20 /* ALF.KeepActive.Overview.swift */,
				B6F9C56C2A52F918003BAD20 /* ALF.KeepActive.NextSteps.swift */,
				B6F9C56D2A52F918003BAD20 /* ALF.KeepActive.Root.swift */,
				B6F9C56E2A52F918003BAD20 /* ALF.KeepActive.Safety.swift */,
				B6F9C56F2A52F918003BAD20 /* ALF.KeepActive.Goals.swift */,
				B6F9C5702A52F918003BAD20 /* ALF.KeepActive.Breathlesness.swift */,
				B6F9C5712A52F918003BAD20 /* ALF.KeepActive.Aerobic.swift */,
				B6F9C5722A52F918003BAD20 /* ALF.KeepActive.WarmUp.swift */,
				B6F9C5732A52F918003BAD20 /* ALF.KeepActive.Begin.swift */,
				B6F9C5742A52F918003BAD20 /* ALF.KeepActive.Level.swift */,
				B6F9C5752A52F918003BAD20 /* ALF.KeepActive.CoolDown.swift */,
			);
			path = KeepActive;
			sourceTree = "<group>";
		};
		B6F9C5762A52F918003BAD20 /* Provide */ = {
			isa = PBXGroup;
			children = (
				B6F9C5772A52F918003BAD20 /* VenuesView.swift */,
			);
			path = Provide;
			sourceTree = "<group>";
		};
		B6F9C5782A52F918003BAD20 /* Data */ = {
			isa = PBXGroup;
			children = (
				B6F9C5792A52F918003BAD20 /* ALF.PageData.swift */,
				B6F9C57A2A52F918003BAD20 /* Addresses.swift */,
				B6F9C57B2A52F918003BAD20 /* RehabExercises.swift */,
				B6F9C57C2A52F918003BAD20 /* Venues.swift */,
				B6F9C57D2A52F918003BAD20 /* ErrorData.swift */,
			);
			path = Data;
			sourceTree = "<group>";
		};
		B6F9C57E2A52F918003BAD20 /* Modifiers */ = {
			isa = PBXGroup;
			children = (
				B6F9C57F2A52F918003BAD20 /* UINavigationController.Style.swift */,
				B6F9C5802A52F918003BAD20 /* Navigation.Modifiers.swift */,
			);
			path = Modifiers;
			sourceTree = "<group>";
		};
		B6F9C5812A52F918003BAD20 /* Model.ViewBuilders */ = {
			isa = PBXGroup;
			children = (
				B6F9C5822A52F918003BAD20 /* ErrorData.ViewBuilder.swift */,
				B6F9C5832A52F918003BAD20 /* Location.Map.VBuilder.swift */,
			);
			path = Model.ViewBuilders;
			sourceTree = "<group>";
		};
		B6F9C5842A52F918003BAD20 /* Navigator */ = {
			isa = PBXGroup;
			children = (
				B6F9C5852A52F918003BAD20 /* NavigationRouter.swift */,
				B6F9C5862A52F918003BAD20 /* NavigationManager.Hash.swift */,
				B6F9C5872A52F918003BAD20 /* NavigationManager.View.swift */,
				B6F9C5882A52F918003BAD20 /* NavigationManager.Enum.swift */,
			);
			path = Navigator;
			sourceTree = "<group>";
		};
		B6F9C5D62A52FB13003BAD20 /* Root */ = {
			isa = PBXGroup;
			children = (
				B6F9C4FE2A52F895003BAD20 /* breathe_assitantApp.swift */,
				B6F9C5002A52F895003BAD20 /* ContentView.swift */,
			);
			path = Root;
			sourceTree = "<group>";
		};
/* End PBXGroup section */

/* Begin PBXNativeTarget section */
		B6F9C4FA2A52F895003BAD20 /* breathe.assitant */ = {
			isa = PBXNativeTarget;
			buildConfigurationList = B6F9C51F2A52F896003BAD20 /* Build configuration list for PBXNativeTarget "breathe.assitant" */;
			buildPhases = (
				B6F9C4F72A52F895003BAD20 /* Sources */,
				B6F9C4F82A52F895003BAD20 /* Frameworks */,
				B6F9C4F92A52F895003BAD20 /* Resources */,
			);
			buildRules = (
			);
			dependencies = (
			);
			name = breathe.assitant;
			productName = breathe.assitant;
			productReference = B6F9C4FB2A52F895003BAD20 /* breathe.assitant.app */;
			productType = "com.apple.product-type.application";
		};
		B6F9C50A2A52F896003BAD20 /* breathe.assitantTests */ = {
			isa = PBXNativeTarget;
			buildConfigurationList = B6F9C5222A52F896003BAD20 /* Build configuration list for PBXNativeTarget "breathe.assitantTests" */;
			buildPhases = (
				B6F9C5072A52F896003BAD20 /* Sources */,
				B6F9C5082A52F896003BAD20 /* Frameworks */,
				B6F9C5092A52F896003BAD20 /* Resources */,
			);
			buildRules = (
			);
			dependencies = (
				B6F9C50D2A52F896003BAD20 /* PBXTargetDependency */,
			);
			name = breathe.assitantTests;
			productName = breathe.assitantTests;
			productReference = B6F9C50B2A52F896003BAD20 /* breathe.assitantTests.xctest */;
			productType = "com.apple.product-type.bundle.unit-test";
		};
		B6F9C5142A52F896003BAD20 /* breathe.assitantUITests */ = {
			isa = PBXNativeTarget;
			buildConfigurationList = B6F9C5252A52F896003BAD20 /* Build configuration list for PBXNativeTarget "breathe.assitantUITests" */;
			buildPhases = (
				B6F9C5112A52F896003BAD20 /* Sources */,
				B6F9C5122A52F896003BAD20 /* Frameworks */,
				B6F9C5132A52F896003BAD20 /* Resources */,
			);
			buildRules = (
			);
			dependencies = (
				B6F9C5172A52F896003BAD20 /* PBXTargetDependency */,
			);
			name = breathe.assitantUITests;
			productName = breathe.assitantUITests;
			productReference = B6F9C5152A52F896003BAD20 /* breathe.assitantUITests.xctest */;
			productType = "com.apple.product-type.bundle.ui-testing";
		};
/* End PBXNativeTarget section */

/* Begin PBXProject section */
		B6F9C4F32A52F895003BAD20 /* Project object */ = {
			isa = PBXProject;
			attributes = {
				BuildIndependentTargetsInParallel = 1;
				LastSwiftUpdateCheck = 1430;
				LastUpgradeCheck = 1430;
				TargetAttributes = {
					B6F9C4FA2A52F895003BAD20 = {
						CreatedOnToolsVersion = 14.3.1;
					};
					B6F9C50A2A52F896003BAD20 = {
						CreatedOnToolsVersion = 14.3.1;
						TestTargetID = B6F9C4FA2A52F895003BAD20;
					};
					B6F9C5142A52F896003BAD20 = {
						CreatedOnToolsVersion = 14.3.1;
						TestTargetID = B6F9C4FA2A52F895003BAD20;
					};
				};
			};
			buildConfigurationList = B6F9C4F62A52F895003BAD20 /* Build configuration list for PBXProject "breathe.assitant" */;
			compatibilityVersion = "Xcode 14.0";
			developmentRegion = en;
			hasScannedForEncodings = 0;
			knownRegions = (
				en,
				Base,
			);
			mainGroup = B6F9C4F22A52F895003BAD20;
			productRefGroup = B6F9C4FC2A52F895003BAD20 /* Products */;
			projectDirPath = "";
			projectRoot = "";
			targets = (
				B6F9C4FA2A52F895003BAD20 /* breathe.assitant */,
				B6F9C50A2A52F896003BAD20 /* breathe.assitantTests */,
				B6F9C5142A52F896003BAD20 /* breathe.assitantUITests */,
			);
		};
/* End PBXProject section */

/* Begin PBXResourcesBuildPhase section */
		B6F9C4F92A52F895003BAD20 /* Resources */ = {
			isa = PBXResourcesBuildPhase;
			buildActionMask = 2147483647;
			files = (
				B6F9C5A52A52F918003BAD20 /* Witham.json in Resources */,
				B6F9C5062A52F896003BAD20 /* Preview Assets.xcassets in Resources */,
				B6F9C5A92A52F918003BAD20 /* Maldon.json in Resources */,
				B6F9C5A62A52F918003BAD20 /* Chelmsford.json in Resources */,
				B6F9C5A82A52F918003BAD20 /* Virtual.json in Resources */,
				B6F9C5A72A52F918003BAD20 /* Braintree.json in Resources */,
				B6F9C5032A52F896003BAD20 /* Assets.xcassets in Resources */,
			);
			runOnlyForDeploymentPostprocessing = 0;
		};
		B6F9C5092A52F896003BAD20 /* Resources */ = {
			isa = PBXResourcesBuildPhase;
			buildActionMask = 2147483647;
			files = (
			);
			runOnlyForDeploymentPostprocessing = 0;
		};
		B6F9C5132A52F896003BAD20 /* Resources */ = {
			isa = PBXResourcesBuildPhase;
			buildActionMask = 2147483647;
			files = (
			);
			runOnlyForDeploymentPostprocessing = 0;
		};
/* End PBXResourcesBuildPhase section */

/* Begin PBXSourcesBuildPhase section */
		B6F9C4F72A52F895003BAD20 /* Sources */ = {
			isa = PBXSourcesBuildPhase;
			buildActionMask = 2147483647;
			files = (
				B6F9C58E2A52F918003BAD20 /* ALF.Models.swift in Sources */,
				B6F9C5AE2A52F918003BAD20 /* SectionView_R.swift in Sources */,
				B6F9C5BE2A52F918003BAD20 /* ALF.KeepActive.Root.swift in Sources */,
				B6F9C59E2A52F918003BAD20 /* NavigationController.swift in Sources */,
				B6F9C5A22A52F918003BAD20 /* Rayne.Countdown.swift in Sources */,
				B6F9C58F2A52F918003BAD20 /* StaffMember.swift in Sources */,
				B6F9C5D02A52F918003BAD20 /* Location.Map.VBuilder.swift in Sources */,
				B6F9C5BF2A52F918003BAD20 /* ALF.KeepActive.Safety.swift in Sources */,
				B6F9C5D12A52F918003BAD20 /* NavigationRouter.swift in Sources */,
				B6F9C5972A52F918003BAD20 /* Haptics.swift in Sources */,
				B6F9C5A42A52F918003BAD20 /* ExerciseGroups.swift in Sources */,
				B6F9C5C82A52F918003BAD20 /* ALF.PageData.swift in Sources */,
				B6F9C5CD2A52F918003BAD20 /* UINavigationController.Style.swift in Sources */,
				B6F9C5A02A52F918003BAD20 /* Rayne.Json.swift in Sources */,
				B6F9C5C42A52F918003BAD20 /* ALF.KeepActive.Begin.swift in Sources */,
				B6F9C59A2A52F918003BAD20 /* NavigationBar.Sub.swift in Sources */,
				B6F9C58C2A52F918003BAD20 /* Staff.swift in Sources */,
				B6F9C5B52A52F918003BAD20 /* ALF.Controls.swift in Sources */,
				B6F9C5B62A52F918003BAD20 /* RoundIconControl.swift in Sources */,
				B6F9C5C02A52F918003BAD20 /* ALF.KeepActive.Goals.swift in Sources */,
				B6F9C5B42A52F918003BAD20 /* PagerControl.swift in Sources */,
				B6F9C58A2A52F918003BAD20 /* Session.swift in Sources */,
				B6F9C5932A52F918003BAD20 /* TestView_R.swift in Sources */,
				B6F9C5AB2A52F918003BAD20 /* ExcercisesView_R.swift in Sources */,
				B6F9C5B02A52F918003BAD20 /* ActivityView_R.swift in Sources */,
				B6F9C5BA2A52F918003BAD20 /* ALF.ContentPage.swift in Sources */,
				B6F9C5B32A52F918003BAD20 /* TipStyle.Control.swift in Sources */,
				B6F9C5B82A52F918003BAD20 /* ExercisesView.swift in Sources */,
				B6F9C5992A52F918003BAD20 /* Group.swift in Sources */,
				B6F9C5AF2A52F918003BAD20 /* BookView_R.swift in Sources */,
				B6F9C5922A52F918003BAD20 /* VideTest.Breating.swift in Sources */,
				B6F9C5C32A52F918003BAD20 /* ALF.KeepActive.WarmUp.swift in Sources */,
				B6F9C5CB2A52F918003BAD20 /* Venues.swift in Sources */,
				B6F9C5BD2A52F918003BAD20 /* ALF.KeepActive.NextSteps.swift in Sources */,
				B6F9C5BC2A52F918003BAD20 /* ALF.KeepActive.Overview.swift in Sources */,
				B6F9C5D32A52F918003BAD20 /* NavigationManager.View.swift in Sources */,
				B6F9C5982A52F918003BAD20 /* Home_R.swift in Sources */,
				B6F9C5C92A52F918003BAD20 /* Addresses.swift in Sources */,
				B6F9C5AC2A52F918003BAD20 /* VenuesView_R.swift in Sources */,
				B6F9C5CA2A52F918003BAD20 /* RehabExercises.swift in Sources */,
				B6F9C5C12A52F918003BAD20 /* ALF.KeepActive.Breathlesness.swift in Sources */,
				B6F9C5AA2A52F918003BAD20 /* TimerView_R.swift in Sources */,
				B6F9C59B2A52F918003BAD20 /* Navigation.Bottom.swift in Sources */,
				B6F9C58D2A52F918003BAD20 /* Sessions.swift in Sources */,
				B6F9C5012A52F895003BAD20 /* ContentView.swift in Sources */,
				B6F9C5952A52F918003BAD20 /* LogoView_R.swift in Sources */,
				B6F9C5AD2A52F918003BAD20 /* VenueView_R.swift in Sources */,
				B6F9C5C52A52F918003BAD20 /* ALF.KeepActive.Level.swift in Sources */,
				B6F9C5C72A52F918003BAD20 /* VenuesView.swift in Sources */,
				B6F9C5B72A52F918003BAD20 /* YouTubeInline.Control.swift in Sources */,
				B6F9C5A12A52F918003BAD20 /* Modifiers.swift in Sources */,
				B6F9C5D22A52F918003BAD20 /* NavigationManager.Hash.swift in Sources */,
				B6F9C5B92A52F918003BAD20 /* ALF.Navigation.swift in Sources */,
				B6F9C5CC2A52F918003BAD20 /* ErrorData.swift in Sources */,
				B6F9C5C62A52F918003BAD20 /* ALF.KeepActive.CoolDown.swift in Sources */,
				B6F9C5C22A52F918003BAD20 /* ALF.KeepActive.Aerobic.swift in Sources */,
				B6F9C59C2A52F918003BAD20 /* NavigationBar.Top.swift in Sources */,
				B6F9C5CE2A52F918003BAD20 /* Navigation.Modifiers.swift in Sources */,
				B6F9C59F2A52F918003BAD20 /* ColourScheme.swift in Sources */,
				B6F9C5942A52F918003BAD20 /* RayneHealth.InterfaceTest.swift in Sources */,
				B6F9C5962A52F918003BAD20 /* NavigationView.swift in Sources */,
				B6F9C5B12A52F918003BAD20 /* NavigationLink_R.swift in Sources */,
				B6F9C5BB2A52F918003BAD20 /* ALF.KeepActive.Strength.swift in Sources */,
				B6F9C5892A52F918003BAD20 /* Location.swift in Sources */,
				B6F9C4FF2A52F895003BAD20 /* breathe_assitantApp.swift in Sources */,
				B6F9C59D2A52F918003BAD20 /* TabBarView.swift in Sources */,
				B6F9C5902A52F918003BAD20 /* ContentViewOld.swift in Sources */,
				B6F9C5D42A52F918003BAD20 /* NavigationManager.Enum.swift in Sources */,
				B6F9C58B2A52F918003BAD20 /* Address.swift in Sources */,
				B6F9C5A32A52F918003BAD20 /* User_R.swift in Sources */,
				B6F9C5B22A52F918003BAD20 /* Provide.UI.Old.swift in Sources */,
				B6F9C5CF2A52F918003BAD20 /* ErrorData.ViewBuilder.swift in Sources */,
				B6F9C5912A52F918003BAD20 /* ExerciseList.Old.swift in Sources */,
			);
			runOnlyForDeploymentPostprocessing = 0;
		};
		B6F9C5072A52F896003BAD20 /* Sources */ = {
			isa = PBXSourcesBuildPhase;
			buildActionMask = 2147483647;
			files = (
				B6F9C5102A52F896003BAD20 /* breathe_assitantTests.swift in Sources */,
			);
			runOnlyForDeploymentPostprocessing = 0;
		};
		B6F9C5112A52F896003BAD20 /* Sources */ = {
			isa = PBXSourcesBuildPhase;
			buildActionMask = 2147483647;
			files = (
				B6F9C51A2A52F896003BAD20 /* breathe_assitantUITests.swift in Sources */,
				B6F9C51C2A52F896003BAD20 /* breathe_assitantUITestsLaunchTests.swift in Sources */,
			);
			runOnlyForDeploymentPostprocessing = 0;
		};
/* End PBXSourcesBuildPhase section */

/* Begin PBXTargetDependency section */
		B6F9C50D2A52F896003BAD20 /* PBXTargetDependency */ = {
			isa = PBXTargetDependency;
			target = B6F9C4FA2A52F895003BAD20 /* breathe.assitant */;
			targetProxy = B6F9C50C2A52F896003BAD20 /* PBXContainerItemProxy */;
		};
		B6F9C5172A52F896003BAD20 /* PBXTargetDependency */ = {
			isa = PBXTargetDependency;
			target = B6F9C4FA2A52F895003BAD20 /* breathe.assitant */;
			targetProxy = B6F9C5162A52F896003BAD20 /* PBXContainerItemProxy */;
		};
/* End PBXTargetDependency section */

/* Begin XCBuildConfiguration section */
		B6F9C51D2A52F896003BAD20 /* Debug */ = {
			isa = XCBuildConfiguration;
			buildSettings = {
				ALWAYS_SEARCH_USER_PATHS = NO;
				CLANG_ANALYZER_NONNULL = YES;
				CLANG_ANALYZER_NUMBER_OBJECT_CONVERSION = YES_AGGRESSIVE;
				CLANG_CXX_LANGUAGE_STANDARD = "gnu++20";
				CLANG_ENABLE_MODULES = YES;
				CLANG_ENABLE_OBJC_ARC = YES;
				CLANG_ENABLE_OBJC_WEAK = YES;
				CLANG_WARN_BLOCK_CAPTURE_AUTORELEASING = YES;
				CLANG_WARN_BOOL_CONVERSION = YES;
				CLANG_WARN_COMMA = YES;
				CLANG_WARN_CONSTANT_CONVERSION = YES;
				CLANG_WARN_DEPRECATED_OBJC_IMPLEMENTATIONS = YES;
				CLANG_WARN_DIRECT_OBJC_ISA_USAGE = YES_ERROR;
				CLANG_WARN_DOCUMENTATION_COMMENTS = YES;
				CLANG_WARN_EMPTY_BODY = YES;
				CLANG_WARN_ENUM_CONVERSION = YES;
				CLANG_WARN_INFINITE_RECURSION = YES;
				CLANG_WARN_INT_CONVERSION = YES;
				CLANG_WARN_NON_LITERAL_NULL_CONVERSION = YES;
				CLANG_WARN_OBJC_IMPLICIT_RETAIN_SELF = YES;
				CLANG_WARN_OBJC_LITERAL_CONVERSION = YES;
				CLANG_WARN_OBJC_ROOT_CLASS = YES_ERROR;
				CLANG_WARN_QUOTED_INCLUDE_IN_FRAMEWORK_HEADER = YES;
				CLANG_WARN_RANGE_LOOP_ANALYSIS = YES;
				CLANG_WARN_STRICT_PROTOTYPES = YES;
				CLANG_WARN_SUSPICIOUS_MOVE = YES;
				CLANG_WARN_UNGUARDED_AVAILABILITY = YES_AGGRESSIVE;
				CLANG_WARN_UNREACHABLE_CODE = YES;
				CLANG_WARN__DUPLICATE_METHOD_MATCH = YES;
				COPY_PHASE_STRIP = NO;
				DEBUG_INFORMATION_FORMAT = dwarf;
				ENABLE_STRICT_OBJC_MSGSEND = YES;
				ENABLE_TESTABILITY = YES;
				GCC_C_LANGUAGE_STANDARD = gnu11;
				GCC_DYNAMIC_NO_PIC = NO;
				GCC_NO_COMMON_BLOCKS = YES;
				GCC_OPTIMIZATION_LEVEL = 0;
				GCC_PREPROCESSOR_DEFINITIONS = (
					"DEBUG=1",
					"$(inherited)",
				);
				GCC_WARN_64_TO_32_BIT_CONVERSION = YES;
				GCC_WARN_ABOUT_RETURN_TYPE = YES_ERROR;
				GCC_WARN_UNDECLARED_SELECTOR = YES;
				GCC_WARN_UNINITIALIZED_AUTOS = YES_AGGRESSIVE;
				GCC_WARN_UNUSED_FUNCTION = YES;
				GCC_WARN_UNUSED_VARIABLE = YES;
				IPHONEOS_DEPLOYMENT_TARGET = 16.4;
				MTL_ENABLE_DEBUG_INFO = INCLUDE_SOURCE;
				MTL_FAST_MATH = YES;
				ONLY_ACTIVE_ARCH = YES;
				SDKROOT = iphoneos;
				SWIFT_ACTIVE_COMPILATION_CONDITIONS = DEBUG;
				SWIFT_OPTIMIZATION_LEVEL = "-Onone";
			};
			name = Debug;
		};
		B6F9C51E2A52F896003BAD20 /* Release */ = {
			isa = XCBuildConfiguration;
			buildSettings = {
				ALWAYS_SEARCH_USER_PATHS = NO;
				CLANG_ANALYZER_NONNULL = YES;
				CLANG_ANALYZER_NUMBER_OBJECT_CONVERSION = YES_AGGRESSIVE;
				CLANG_CXX_LANGUAGE_STANDARD = "gnu++20";
				CLANG_ENABLE_MODULES = YES;
				CLANG_ENABLE_OBJC_ARC = YES;
				CLANG_ENABLE_OBJC_WEAK = YES;
				CLANG_WARN_BLOCK_CAPTURE_AUTORELEASING = YES;
				CLANG_WARN_BOOL_CONVERSION = YES;
				CLANG_WARN_COMMA = YES;
				CLANG_WARN_CONSTANT_CONVERSION = YES;
				CLANG_WARN_DEPRECATED_OBJC_IMPLEMENTATIONS = YES;
				CLANG_WARN_DIRECT_OBJC_ISA_USAGE = YES_ERROR;
				CLANG_WARN_DOCUMENTATION_COMMENTS = YES;
				CLANG_WARN_EMPTY_BODY = YES;
				CLANG_WARN_ENUM_CONVERSION = YES;
				CLANG_WARN_INFINITE_RECURSION = YES;
				CLANG_WARN_INT_CONVERSION = YES;
				CLANG_WARN_NON_LITERAL_NULL_CONVERSION = YES;
				CLANG_WARN_OBJC_IMPLICIT_RETAIN_SELF = YES;
				CLANG_WARN_OBJC_LITERAL_CONVERSION = YES;
				CLANG_WARN_OBJC_ROOT_CLASS = YES_ERROR;
				CLANG_WARN_QUOTED_INCLUDE_IN_FRAMEWORK_HEADER = YES;
				CLANG_WARN_RANGE_LOOP_ANALYSIS = YES;
				CLANG_WARN_STRICT_PROTOTYPES = YES;
				CLANG_WARN_SUSPICIOUS_MOVE = YES;
				CLANG_WARN_UNGUARDED_AVAILABILITY = YES_AGGRESSIVE;
				CLANG_WARN_UNREACHABLE_CODE = YES;
				CLANG_WARN__DUPLICATE_METHOD_MATCH = YES;
				COPY_PHASE_STRIP = NO;
				DEBUG_INFORMATION_FORMAT = "dwarf-with-dsym";
				ENABLE_NS_ASSERTIONS = NO;
				ENABLE_STRICT_OBJC_MSGSEND = YES;
				GCC_C_LANGUAGE_STANDARD = gnu11;
				GCC_NO_COMMON_BLOCKS = YES;
				GCC_WARN_64_TO_32_BIT_CONVERSION = YES;
				GCC_WARN_ABOUT_RETURN_TYPE = YES_ERROR;
				GCC_WARN_UNDECLARED_SELECTOR = YES;
				GCC_WARN_UNINITIALIZED_AUTOS = YES_AGGRESSIVE;
				GCC_WARN_UNUSED_FUNCTION = YES;
				GCC_WARN_UNUSED_VARIABLE = YES;
				IPHONEOS_DEPLOYMENT_TARGET = 16.4;
				MTL_ENABLE_DEBUG_INFO = NO;
				MTL_FAST_MATH = YES;
				SDKROOT = iphoneos;
				SWIFT_COMPILATION_MODE = wholemodule;
				SWIFT_OPTIMIZATION_LEVEL = "-O";
				VALIDATE_PRODUCT = YES;
			};
			name = Release;
		};
		B6F9C5202A52F896003BAD20 /* Debug */ = {
			isa = XCBuildConfiguration;
			buildSettings = {
				ASSETCATALOG_COMPILER_APPICON_NAME = AppIcon;
				ASSETCATALOG_COMPILER_GLOBAL_ACCENT_COLOR_NAME = AccentColor;
				ASSETCATALOG_COMPILER_INCLUDE_ALL_APPICON_ASSETS = NO;
				CODE_SIGN_STYLE = Automatic;
				CURRENT_PROJECT_VERSION = 1;
				DEVELOPMENT_ASSET_PATHS = "\"breathe.assitant/Preview Content\"";
				DEVELOPMENT_TEAM = S4M25J54M6;
				ENABLE_PREVIEWS = YES;
				GENERATE_INFOPLIST_FILE = YES;
				INFOPLIST_KEY_CFBundleDisplayName = "Lung Rehab";
				INFOPLIST_KEY_LSApplicationCategoryType = "public.app-category.healthcare-fitness";
				INFOPLIST_KEY_UIApplicationSceneManifest_Generation = YES;
				INFOPLIST_KEY_UIApplicationSupportsIndirectInputEvents = YES;
				INFOPLIST_KEY_UILaunchScreen_Generation = YES;
				INFOPLIST_KEY_UISupportedInterfaceOrientations = UIInterfaceOrientationPortrait;
				INFOPLIST_KEY_UISupportedInterfaceOrientations_iPad = "UIInterfaceOrientationLandscapeLeft UIInterfaceOrientationLandscapeRight UIInterfaceOrientationPortrait UIInterfaceOrientationPortraitUpsideDown";
				IPHONEOS_DEPLOYMENT_TARGET = 16.4;
				LD_RUNPATH_SEARCH_PATHS = (
					"$(inherited)",
					"@executable_path/Frameworks",
				);
				MARKETING_VERSION = 1.0;
				PRODUCT_BUNDLE_IDENTIFIER = "health.rayne.breathe-assitant";
				PRODUCT_NAME = "$(TARGET_NAME)";
				SUPPORTED_PLATFORMS = "iphoneos iphonesimulator";
				SUPPORTS_MACCATALYST = NO;
				SUPPORTS_MAC_DESIGNED_FOR_IPHONE_IPAD = NO;
				SWIFT_EMIT_LOC_STRINGS = YES;
				SWIFT_VERSION = 5.0;
				TARGETED_DEVICE_FAMILY = 1;
			};
			name = Debug;
		};
		B6F9C5212A52F896003BAD20 /* Release */ = {
			isa = XCBuildConfiguration;
			buildSettings = {
				ASSETCATALOG_COMPILER_APPICON_NAME = AppIcon;
				ASSETCATALOG_COMPILER_GLOBAL_ACCENT_COLOR_NAME = AccentColor;
				ASSETCATALOG_COMPILER_INCLUDE_ALL_APPICON_ASSETS = NO;
				CODE_SIGN_STYLE = Automatic;
				CURRENT_PROJECT_VERSION = 1;
				DEVELOPMENT_ASSET_PATHS = "\"breathe.assitant/Preview Content\"";
				DEVELOPMENT_TEAM = S4M25J54M6;
				ENABLE_PREVIEWS = YES;
				GENERATE_INFOPLIST_FILE = YES;
				INFOPLIST_KEY_CFBundleDisplayName = "Lung Rehab";
				INFOPLIST_KEY_LSApplicationCategoryType = "public.app-category.healthcare-fitness";
				INFOPLIST_KEY_UIApplicationSceneManifest_Generation = YES;
				INFOPLIST_KEY_UIApplicationSupportsIndirectInputEvents = YES;
				INFOPLIST_KEY_UILaunchScreen_Generation = YES;
				INFOPLIST_KEY_UISupportedInterfaceOrientations = UIInterfaceOrientationPortrait;
				INFOPLIST_KEY_UISupportedInterfaceOrientations_iPad = "UIInterfaceOrientationLandscapeLeft UIInterfaceOrientationLandscapeRight UIInterfaceOrientationPortrait UIInterfaceOrientationPortraitUpsideDown";
				IPHONEOS_DEPLOYMENT_TARGET = 16.4;
				LD_RUNPATH_SEARCH_PATHS = (
					"$(inherited)",
					"@executable_path/Frameworks",
				);
				MARKETING_VERSION = 1.0;
				PRODUCT_BUNDLE_IDENTIFIER = "health.rayne.breathe-assitant";
				PRODUCT_NAME = "$(TARGET_NAME)";
				SUPPORTED_PLATFORMS = "iphoneos iphonesimulator";
				SUPPORTS_MACCATALYST = NO;
				SUPPORTS_MAC_DESIGNED_FOR_IPHONE_IPAD = NO;
				SWIFT_EMIT_LOC_STRINGS = YES;
				SWIFT_VERSION = 5.0;
				TARGETED_DEVICE_FAMILY = 1;
			};
			name = Release;
		};
		B6F9C5232A52F896003BAD20 /* Debug */ = {
			isa = XCBuildConfiguration;
			buildSettings = {
				ALWAYS_EMBED_SWIFT_STANDARD_LIBRARIES = YES;
				BUNDLE_LOADER = "$(TEST_HOST)";
				CODE_SIGN_STYLE = Automatic;
				CURRENT_PROJECT_VERSION = 1;
				DEVELOPMENT_TEAM = S4M25J54M6;
				GENERATE_INFOPLIST_FILE = YES;
				IPHONEOS_DEPLOYMENT_TARGET = 16.4;
				MARKETING_VERSION = 1.0;
				PRODUCT_BUNDLE_IDENTIFIER = "health.rayne.breathe-assitantTests";
				PRODUCT_NAME = "$(TARGET_NAME)";
				SWIFT_EMIT_LOC_STRINGS = NO;
				SWIFT_VERSION = 5.0;
				TARGETED_DEVICE_FAMILY = "1,2";
				TEST_HOST = "$(BUILT_PRODUCTS_DIR)/breathe.assitant.app/$(BUNDLE_EXECUTABLE_FOLDER_PATH)/breathe.assitant";
			};
			name = Debug;
		};
		B6F9C5242A52F896003BAD20 /* Release */ = {
			isa = XCBuildConfiguration;
			buildSettings = {
				ALWAYS_EMBED_SWIFT_STANDARD_LIBRARIES = YES;
				BUNDLE_LOADER = "$(TEST_HOST)";
				CODE_SIGN_STYLE = Automatic;
				CURRENT_PROJECT_VERSION = 1;
				DEVELOPMENT_TEAM = S4M25J54M6;
				GENERATE_INFOPLIST_FILE = YES;
				IPHONEOS_DEPLOYMENT_TARGET = 16.4;
				MARKETING_VERSION = 1.0;
				PRODUCT_BUNDLE_IDENTIFIER = "health.rayne.breathe-assitantTests";
				PRODUCT_NAME = "$(TARGET_NAME)";
				SWIFT_EMIT_LOC_STRINGS = NO;
				SWIFT_VERSION = 5.0;
				TARGETED_DEVICE_FAMILY = "1,2";
				TEST_HOST = "$(BUILT_PRODUCTS_DIR)/breathe.assitant.app/$(BUNDLE_EXECUTABLE_FOLDER_PATH)/breathe.assitant";
			};
			name = Release;
		};
		B6F9C5262A52F896003BAD20 /* Debug */ = {
			isa = XCBuildConfiguration;
			buildSettings = {
				ALWAYS_EMBED_SWIFT_STANDARD_LIBRARIES = YES;
				CODE_SIGN_STYLE = Automatic;
				CURRENT_PROJECT_VERSION = 1;
				DEVELOPMENT_TEAM = S4M25J54M6;
				GENERATE_INFOPLIST_FILE = YES;
				MARKETING_VERSION = 1.0;
				PRODUCT_BUNDLE_IDENTIFIER = "health.rayne.breathe-assitantUITests";
				PRODUCT_NAME = "$(TARGET_NAME)";
				SWIFT_EMIT_LOC_STRINGS = NO;
				SWIFT_VERSION = 5.0;
				TARGETED_DEVICE_FAMILY = "1,2";
				TEST_TARGET_NAME = breathe.assitant;
			};
			name = Debug;
		};
		B6F9C5272A52F896003BAD20 /* Release */ = {
			isa = XCBuildConfiguration;
			buildSettings = {
				ALWAYS_EMBED_SWIFT_STANDARD_LIBRARIES = YES;
				CODE_SIGN_STYLE = Automatic;
				CURRENT_PROJECT_VERSION = 1;
				DEVELOPMENT_TEAM = S4M25J54M6;
				GENERATE_INFOPLIST_FILE = YES;
				MARKETING_VERSION = 1.0;
				PRODUCT_BUNDLE_IDENTIFIER = "health.rayne.breathe-assitantUITests";
				PRODUCT_NAME = "$(TARGET_NAME)";
				SWIFT_EMIT_LOC_STRINGS = NO;
				SWIFT_VERSION = 5.0;
				TARGETED_DEVICE_FAMILY = "1,2";
				TEST_TARGET_NAME = breathe.assitant;
			};
			name = Release;
		};
/* End XCBuildConfiguration section */

/* Begin XCConfigurationList section */
		B6F9C4F62A52F895003BAD20 /* Build configuration list for PBXProject "breathe.assitant" */ = {
			isa = XCConfigurationList;
			buildConfigurations = (
				B6F9C51D2A52F896003BAD20 /* Debug */,
				B6F9C51E2A52F896003BAD20 /* Release */,
			);
			defaultConfigurationIsVisible = 0;
			defaultConfigurationName = Release;
		};
		B6F9C51F2A52F896003BAD20 /* Build configuration list for PBXNativeTarget "breathe.assitant" */ = {
			isa = XCConfigurationList;
			buildConfigurations = (
				B6F9C5202A52F896003BAD20 /* Debug */,
				B6F9C5212A52F896003BAD20 /* Release */,
			);
			defaultConfigurationIsVisible = 0;
			defaultConfigurationName = Release;
		};
		B6F9C5222A52F896003BAD20 /* Build configuration list for PBXNativeTarget "breathe.assitantTests" */ = {
			isa = XCConfigurationList;
			buildConfigurations = (
				B6F9C5232A52F896003BAD20 /* Debug */,
				B6F9C5242A52F896003BAD20 /* Release */,
			);
			defaultConfigurationIsVisible = 0;
			defaultConfigurationName = Release;
		};
		B6F9C5252A52F896003BAD20 /* Build configuration list for PBXNativeTarget "breathe.assitantUITests" */ = {
			isa = XCConfigurationList;
			buildConfigurations = (
				B6F9C5262A52F896003BAD20 /* Debug */,
				B6F9C5272A52F896003BAD20 /* Release */,
			);
			defaultConfigurationIsVisible = 0;
			defaultConfigurationName = Release;
		};
/* End XCConfigurationList section */
	};
	rootObject = B6F9C4F32A52F895003BAD20 /* Project object */;
}
